
Microsoft Visual Studio Solution File, Format Version 11.00
# Visual Studio 2010
Project("{FAE04EC0-301F-11D3-BF4B-00C04F79EFBC}") = "SilkFlo.Extensions", "SilkFlo.Extensions.csproj", "{BF763E3C-317D-44AD-888A-CDF0955F5186}"
EndProject
Global
	GlobalSection(SolutionConfigurationPlatforms) = preSolution
		Debug|Any CPU = Debug|Any CPU
		Release|Any CPU = Release|Any CPU
	EndGlobalSection
	GlobalSection(ProjectConfigurationPlatforms) = postSolution
		{BF763E3C-317D-44AD-888A-CDF0955F5186}.Debug|Any CPU.ActiveCfg = Debug|Any CPU
		{BF763E3C-317D-44AD-888A-CDF0955F5186}.Debug|Any CPU.Build.0 = Debug|Any CPU
		{BF763E3C-317D-44AD-888A-CDF0955F5186}.Release|Any CPU.ActiveCfg = Release|Any CPU
		{BF763E3C-317D-44AD-888A-CDF0955F5186}.Release|Any CPU.Build.0 = Release|Any CPU
	EndGlobalSection
	GlobalSection(SolutionProperties) = preSolution
		HideSolutionNode = FALSE
	EndGlobalSection
EndGlobal
